<?xml version="1.0" encoding="utf-8"?>
<Project ToolsVersion="4.0" xmlns="http://schemas.microsoft.com/developer/msbuild/2003">
  <ItemGroup>
    <Filter Include="Source Files">
      <UniqueIdentifier>{4FC737F1-C7A5-4376-A066-2A32D752A2FF}</UniqueIdentifier>
      <Extensions>cpp;c;cc;cxx;c++;cppm;ixx;def;odl;idl;hpj;bat;asm;asmx</Extensions>
    </Filter>
    <Filter Include="Header Files">
      <UniqueIdentifier>{93995380-89BD-4b04-88EB-625FBE52EBFB}</UniqueIdentifier>
      <Extensions>h;hh;hpp;hxx;h++;hm;inl;inc;ipp;xsd</Extensions>
    </Filter>
    <Filter Include="Resource Files">
      <UniqueIdentifier>{67DA6AB6-F800-4c08-8B7A-83BB121AAD01}</UniqueIdentifier>
      <Extensions>rc;ico;cur;bmp;dlg;rc2;rct;bin;rgs;gif;jpg;jpeg;jpe;resx;tiff;tif;png;wav;mfcribbon-ms</Extensions>
    </Filter>
  </ItemGroup>
  <ItemGroup>
    <ClCompile Include="src\AdventOfCode2021.cpp">
      <Filter>Source Files</Filter>
    </ClCompile>
    <ClCompile Include="src\Days\Day1.cpp">
      <Filter>Source Files</Filter>
    </ClCompile>
    <ClCompile Include="src\Days\Day2.cpp">
      <Filter>Source Files</Filter>
    </ClCompile>
    <ClCompile Include="src\Days\Day3.cpp">
      <Filter>Source Files</Filter>
    </ClCompile>
    <ClCompile Include="src\Days\Day4.cpp">
      <Filter>Source Files</Filter>
    </ClCompile>
    <ClCompile Include="src\Days\Day5.cpp">
      <Filter>Source Files</Filter>
    </ClCompile>
    <ClCompile Include="src\Days\Day6.cpp">
      <Filter>Source Files</Filter>
    </ClCompile>
    <ClCompile Include="src\Days\Day7.cpp">
      <Filter>Source Files</Filter>
    </ClCompile>
    <ClCompile Include="src\Days\Day8.cpp">
      <Filter>Source Files</Filter>
    </ClCompile>
    <ClCompile Include="src\Days\Day9.cpp">
      <Filter>Source Files</Filter>
    </ClCompile>
    <ClCompile Include="src\Days\Day10.cpp">
      <Filter>Source Files</Filter>
    </ClCompile>
    <ClCompile Include="src\Days\Day11.cpp">
      <Filter>Source Files</Filter>
    </ClCompile>
    <ClCompile Include="src\Days\Day12.cpp">
      <Filter>Source Files</Filter>
    </ClCompile>
    <ClCompile Include="src\Days\Day13.cpp">
      <Filter>Source Files</Filter>
    </ClCompile>
    <ClCompile Include="src\Days\Day14.cpp">
      <Filter>Source Files</Filter>
    </ClCompile>
    <ClCompile Include="src\Days\Day15.cpp">
      <Filter>Source Files</Filter>
    </ClCompile>
    <ClCompile Include="src\Days\Day16.cpp">
      <Filter>Source Files</Filter>
    </ClCompile>
    <ClCompile Include="src\Days\Day17.cpp">
      <Filter>Source Files</Filter>
    </ClCompile>
    <ClCompile Include="src\Days\Day18.cpp">
      <Filter>Source Files</Filter>
    </ClCompile>
    <ClCompile Include="src\Days\Day19.cpp">
      <Filter>Source Files</Filter>
    </ClCompile>
    <ClCompile Include="src\Days\Day20.cpp">
      <Filter>Source Files</Filter>
    </ClCompile>
    <ClCompile Include="src\Days\Day21.cpp">
      <Filter>Source Files</Filter>
    </ClCompile>
    <ClCompile Include="src\Days\Day22.cpp">
      <Filter>Source Files</Filter>
    </ClCompile>
    <ClCompile Include="src\Days\Day23.cpp">
      <Filter>Source Files</Filter>
    </ClCompile>
    <ClCompile Include="src\Days\Day24.cpp">
      <Filter>Source Files</Filter>
    </ClCompile>
    <ClCompile Include="src\Days\Day25.cpp">
      <Filter>Source Files</Filter>
    </ClCompile>
  </ItemGroup>
  <ItemGroup>
    <Text Include="data\day1_test_input.txt" />
    <Text Include="data\day1_input.txt" />
    <Text Include="data\day2_input.txt" />
    <Text Include="data\day2_test_input.txt" />
    <Text Include="data\day3_input.txt" />
    <Text Include="data\day3_test_input.txt" />
    <Text Include="data\day4_input.txt" />
    <Text Include="data\day4_test_input.txt" />
    <Text Include="data\day5_input.txt" />
    <Text Include="data\day5_test_input.txt" />
    <Text Include="data\day6_input.txt" />
    <Text Include="data\day6_test_input.txt" />
    <Text Include="data\day7_input.txt" />
    <Text Include="data\day7_test_input.txt" />
    <Text Include="data\day8_input.txt" />
    <Text Include="data\day8_test_input.txt" />
    <Text Include="data\day9_input.txt" />
    <Text Include="data\day9_test_input.txt" />
    <Text Include="data\day10_input.txt" />
    <Text Include="data\day10_test_input.txt" />
    <Text Include="data\day11_input.txt" />
    <Text Include="data\day11_test_input.txt" />
    <Text Include="data\day12_input.txt" />
    <Text Include="data\day12_test_input.txt" />
    <Text Include="data\day13_input.txt" />
    <Text Include="data\day13_test_input.txt" />
    <Text Include="data\day14_input.txt" />
    <Text Include="data\day14_test_input.txt" />
    <Text Include="data\day15_input.txt" />
    <Text Include="data\day15_test_input.txt" />
    <Text Include="data\day16_input.txt" />
    <Text Include="data\day16_test_input.txt" />
    <Text Include="data\day17_input.txt" />
    <Text Include="data\day17_test_input.txt" />
    <Text Include="data\day18_input.txt" />
    <Text Include="data\day18_test_input.txt" />
    <Text Include="data\day19_input.txt" />
    <Text Include="data\day19_test_input.txt" />
    <Text Include="data\day20_input.txt" />
    <Text Include="data\day20_test_input.txt" />
    <Text Include="data\day21_input.txt" />
    <Text Include="data\day21_test_input.txt" />
    <Text Include="data\day22_input.txt" />
    <Text Include="data\day22_test_input.txt" />
    <Text Include="data\day23_input.txt" />
    <Text Include="data\day23_test_input.txt" />
    <Text Include="data\day24_input.txt" />
    <Text Include="data\day24_test_input.txt" />
    <Text Include="data\day25_input.txt" />
    <Text Include="data\day25_test_input.txt" />
  </ItemGroup>
  <ItemGroup>
    <ClInclude Include="src\AdventOfCode2021.hpp">
      <Filter>Header Files</Filter>
    </ClInclude>
    <ClInclude Include="src\Days.hpp">
      <Filter>Header Files</Filter>
    </ClInclude>
  </ItemGroup>
</Project>